
Microsoft Visual Studio Solution File, Format Version 12.00
# Visual Studio 15
VisualStudioVersion = 15.0.26124.0
MinimumVisualStudioVersion = 15.0.26124.0
Project("{FAE04EC0-301F-11D3-BF4B-00C04F79EFBC}") = "InfoTrackSearch", "InfoTrackSearch\InfoTrackSearch.csproj", "{A2D9BE5C-47B5-4736-869C-943E56101FC0}"
EndProject
Project("{FAE04EC0-301F-11D3-BF4B-00C04F79EFBC}") = "SearchServiceTests", "SearchServiceTests\SearchServiceTests.csproj", "{FAF44CC2-0079-4F53-8D82-71C616623A09}"
EndProject
Global
	GlobalSection(SolutionConfigurationPlatforms) = preSolution
		Debug|Any CPU = Debug|Any CPU
		Debug|x64 = Debug|x64
		Debug|x86 = Debug|x86
		Release|Any CPU = Release|Any CPU
		Release|x64 = Release|x64
		Release|x86 = Release|x86
	EndGlobalSection
	GlobalSection(SolutionProperties) = preSolution
		HideSolutionNode = FALSE
	EndGlobalSection
	GlobalSection(ProjectConfigurationPlatforms) = postSolution
		{A2D9BE5C-47B5-4736-869C-943E56101FC0}.Debug|Any CPU.ActiveCfg = Debug|Any CPU
		{A2D9BE5C-47B5-4736-869C-943E56101FC0}.Debug|Any CPU.Build.0 = Debug|Any CPU
		{A2D9BE5C-47B5-4736-869C-943E56101FC0}.Debug|x64.ActiveCfg = Debug|Any CPU
		{A2D9BE5C-47B5-4736-869C-943E56101FC0}.Debug|x64.Build.0 = Debug|Any CPU
		{A2D9BE5C-47B5-4736-869C-943E56101FC0}.Debug|x86.ActiveCfg = Debug|Any CPU
		{A2D9BE5C-47B5-4736-869C-943E56101FC0}.Debug|x86.Build.0 = Debug|Any CPU
		{A2D9BE5C-47B5-4736-869C-943E56101FC0}.Release|Any CPU.ActiveCfg = Release|Any CPU
		{A2D9BE5C-47B5-4736-869C-943E56101FC0}.Release|Any CPU.Build.0 = Release|Any CPU
		{A2D9BE5C-47B5-4736-869C-943E56101FC0}.Release|x64.ActiveCfg = Release|Any CPU
		{A2D9BE5C-47B5-4736-869C-943E56101FC0}.Release|x64.Build.0 = Release|Any CPU
		{A2D9BE5C-47B5-4736-869C-943E56101FC0}.Release|x86.ActiveCfg = Release|Any CPU
		{A2D9BE5C-47B5-4736-869C-943E56101FC0}.Release|x86.Build.0 = Release|Any CPU
		{B5B5EFC4-60D0-4F4E-8390-7828AA711109}.Debug|Any CPU.ActiveCfg = Debug|Any CPU
		{B5B5EFC4-60D0-4F4E-8390-7828AA711109}.Debug|Any CPU.Build.0 = Debug|Any CPU
		{B5B5EFC4-60D0-4F4E-8390-7828AA711109}.Debug|x64.ActiveCfg = Debug|Any CPU
		{B5B5EFC4-60D0-4F4E-8390-7828AA711109}.Debug|x64.Build.0 = Debug|Any CPU
		{B5B5EFC4-60D0-4F4E-8390-7828AA711109}.Debug|x86.ActiveCfg = Debug|Any CPU
		{B5B5EFC4-60D0-4F4E-8390-7828AA711109}.Debug|x86.Build.0 = Debug|Any CPU
		{B5B5EFC4-60D0-4F4E-8390-7828AA711109}.Release|Any CPU.ActiveCfg = Release|Any CPU
		{B5B5EFC4-60D0-4F4E-8390-7828AA711109}.Release|Any CPU.Build.0 = Release|Any CPU
		{B5B5EFC4-60D0-4F4E-8390-7828AA711109}.Release|x64.ActiveCfg = Release|Any CPU
		{B5B5EFC4-60D0-4F4E-8390-7828AA711109}.Release|x64.Build.0 = Release|Any CPU
		{B5B5EFC4-60D0-4F4E-8390-7828AA711109}.Release|x86.ActiveCfg = Release|Any CPU
		{B5B5EFC4-60D0-4F4E-8390-7828AA711109}.Release|x86.Build.0 = Release|Any CPU
		{FAF44CC2-0079-4F53-8D82-71C616623A09}.Debug|Any CPU.ActiveCfg = Debug|Any CPU
		{FAF44CC2-0079-4F53-8D82-71C616623A09}.Debug|Any CPU.Build.0 = Debug|Any CPU
		{FAF44CC2-0079-4F53-8D82-71C616623A09}.Debug|x64.ActiveCfg = Debug|Any CPU
		{FAF44CC2-0079-4F53-8D82-71C616623A09}.Debug|x64.Build.0 = Debug|Any CPU
		{FAF44CC2-0079-4F53-8D82-71C616623A09}.Debug|x86.ActiveCfg = Debug|Any CPU
		{FAF44CC2-0079-4F53-8D82-71C616623A09}.Debug|x86.Build.0 = Debug|Any CPU
		{FAF44CC2-0079-4F53-8D82-71C616623A09}.Release|Any CPU.ActiveCfg = Release|Any CPU
		{FAF44CC2-0079-4F53-8D82-71C616623A09}.Release|Any CPU.Build.0 = Release|Any CPU
		{FAF44CC2-0079-4F53-8D82-71C616623A09}.Release|x64.ActiveCfg = Release|Any CPU
		{FAF44CC2-0079-4F53-8D82-71C616623A09}.Release|x64.Build.0 = Release|Any CPU
		{FAF44CC2-0079-4F53-8D82-71C616623A09}.Release|x86.ActiveCfg = Release|Any CPU
		{FAF44CC2-0079-4F53-8D82-71C616623A09}.Release|x86.Build.0 = Release|Any CPU
	EndGlobalSection
EndGlobal
