
Microsoft Visual Studio Solution File, Format Version 12.00
# Visual Studio Version 16
VisualStudioVersion = 16.0.30204.135
MinimumVisualStudioVersion = 10.0.40219.1
Project("{FAE04EC0-301F-11D3-BF4B-00C04F79EFBC}") = "IPedgeProject", "IPedgeProject\IPedgeProject.csproj", "{6EE982AF-4289-489A-A7FC-2B00C601E2A5}"
EndProject
Global
	GlobalSection(SolutionConfigurationPlatforms) = preSolution
		Debug|Any CPU = Debug|Any CPU
		Release|Any CPU = Release|Any CPU
	EndGlobalSection
	GlobalSection(ProjectConfigurationPlatforms) = postSolution
		{6EE982AF-4289-489A-A7FC-2B00C601E2A5}.Debug|Any CPU.ActiveCfg = Debug|Any CPU
		{6EE982AF-4289-489A-A7FC-2B00C601E2A5}.Debug|Any CPU.Build.0 = Debug|Any CPU
		{6EE982AF-4289-489A-A7FC-2B00C601E2A5}.Release|Any CPU.ActiveCfg = Release|Any CPU
		{6EE982AF-4289-489A-A7FC-2B00C601E2A5}.Release|Any CPU.Build.0 = Release|Any CPU
	EndGlobalSection
	GlobalSection(SolutionProperties) = preSolution
		HideSolutionNode = FALSE
	EndGlobalSection
	GlobalSection(ExtensibilityGlobals) = postSolution
		SolutionGuid = {33B91687-3A48-4A9C-93EF-F2D792FAAA72}
	EndGlobalSection
EndGlobal
